
Microsoft Visual Studio Solution File, Format Version 12.00
# Visual Studio Version 17
VisualStudioVersion = 17.11.35327.3
MinimumVisualStudioVersion = 10.0.40219.1
Project("{FAE04EC0-301F-11D3-BF4B-00C04F79EFBC}") = "PBCC", "PBCC\PBCC.csproj", "{0C4F5742-5131-4E1C-AB5F-10370B6BB769}"
EndProject
Global
	GlobalSection(SolutionConfigurationPlatforms) = preSolution
		Debug|Any CPU = Debug|Any CPU
		Release|Any CPU = Release|Any CPU
	EndGlobalSection
	GlobalSection(ProjectConfigurationPlatforms) = postSolution
		{0C4F5742-5131-4E1C-AB5F-10370B6BB769}.Debug|Any CPU.ActiveCfg = Debug|Any CPU
		{0C4F5742-5131-4E1C-AB5F-10370B6BB769}.Debug|Any CPU.Build.0 = Debug|Any CPU
		{0C4F5742-5131-4E1C-AB5F-10370B6BB769}.Release|Any CPU.ActiveCfg = Release|Any CPU
		{0C4F5742-5131-4E1C-AB5F-10370B6BB769}.Release|Any CPU.Build.0 = Release|Any CPU
	EndGlobalSection
	GlobalSection(SolutionProperties) = preSolution
		HideSolutionNode = FALSE
	EndGlobalSection
	GlobalSection(ExtensibilityGlobals) = postSolution
		SolutionGuid = {C901FAF8-D3B6-4DCC-98CB-4B7BA4DABCFE}
	EndGlobalSection
EndGlobal
